// !$*UTF8*$!
{
	archiveVersion = 1;
	classes = {
	};
	objectVersion = 50;
	objects = {

/* Begin PBXBuildFile section */
		7B2C3C20211A70CA0081A2A5 /* TutorNames.txt in Resources */ = {isa = PBXBuildFile; fileRef = 7B2C3C1F211A70C90081A2A5 /* TutorNames.txt */; };
		7B321C0A210E006E00932559 /* RadioButton.swift in Sources */ = {isa = PBXBuildFile; fileRef = 7B321C09210E006E00932559 /* RadioButton.swift */; };
		7B321C0C210E1BEB00932559 /* CheckBox.swift in Sources */ = {isa = PBXBuildFile; fileRef = 7B321C0B210E1BEB00932559 /* CheckBox.swift */; };
		7B5A43F52102CABC003A1B2E /* vBanner1.txt in Resources */ = {isa = PBXBuildFile; fileRef = 7B5A43F42102CABC003A1B2E /* vBanner1.txt */; };
		7B5A43F72102D618003A1B2E /* FormViewController.swift in Sources */ = {isa = PBXBuildFile; fileRef = 7B5A43F62102D618003A1B2E /* FormViewController.swift */; };
		7BA05AD220E5791200724470 /* AppDelegate.swift in Sources */ = {isa = PBXBuildFile; fileRef = 7BA05AD120E5791200724470 /* AppDelegate.swift */; };
		7BA05AD420E5791200724470 /* ViewController.swift in Sources */ = {isa = PBXBuildFile; fileRef = 7BA05AD320E5791200724470 /* ViewController.swift */; };
		7BA05AD720E5791200724470 /* Main.storyboard in Resources */ = {isa = PBXBuildFile; fileRef = 7BA05AD520E5791200724470 /* Main.storyboard */; };
		7BA05AD920E5791300724470 /* Assets.xcassets in Resources */ = {isa = PBXBuildFile; fileRef = 7BA05AD820E5791300724470 /* Assets.xcassets */; };
		7BA05ADC20E5791300724470 /* LaunchScreen.storyboard in Resources */ = {isa = PBXBuildFile; fileRef = 7BA05ADA20E5791300724470 /* LaunchScreen.storyboard */; };
		7BA05AE720E5791300724470 /* MCTutorFormiOSTests.swift in Sources */ = {isa = PBXBuildFile; fileRef = 7BA05AE620E5791300724470 /* MCTutorFormiOSTests.swift */; };
		8BACC739210E83AB009FC24E /* MCLookup.swift in Sources */ = {isa = PBXBuildFile; fileRef = 8BACC738210E83AB009FC24E /* MCLookup.swift */; };
		8BB5D13321156C2D00F55DEA /* MCDatabase.sqlite in Resources */ = {isa = PBXBuildFile; fileRef = 8BB5D13221156C2D00F55DEA /* MCDatabase.sqlite */; };
/* End PBXBuildFile section */

/* Begin PBXContainerItemProxy section */
		7BA05AE320E5791300724470 /* PBXContainerItemProxy */ = {
			isa = PBXContainerItemProxy;
			containerPortal = 7BA05AC620E5791200724470 /* Project object */;
			proxyType = 1;
			remoteGlobalIDString = 7BA05ACD20E5791200724470;
			remoteInfo = MCTutorFormiOS;
		};
/* End PBXContainerItemProxy section */

/* Begin PBXFileReference section */
		7B2C3C1F211A70C90081A2A5 /* TutorNames.txt */ = {isa = PBXFileReference; fileEncoding = 4; lastKnownFileType = text; name = TutorNames.txt; path = "ipad-project/TutorNames.txt"; sourceTree = SOURCE_ROOT; };
		7B321C09210E006E00932559 /* RadioButton.swift */ = {isa = PBXFileReference; lastKnownFileType = sourcecode.swift; path = RadioButton.swift; sourceTree = "<group>"; };
		7B321C0B210E1BEB00932559 /* CheckBox.swift */ = {isa = PBXFileReference; lastKnownFileType = sourcecode.swift; path = CheckBox.swift; sourceTree = "<group>"; };
		7B5A43F42102CABC003A1B2E /* vBanner1.txt */ = {isa = PBXFileReference; fileEncoding = 4; lastKnownFileType = text; name = vBanner1.txt; path = "ipad-project/vBanner1.txt"; sourceTree = SOURCE_ROOT; };
		7B5A43F62102D618003A1B2E /* FormViewController.swift */ = {isa = PBXFileReference; lastKnownFileType = sourcecode.swift; path = FormViewController.swift; sourceTree = "<group>"; };
		7BA05ACE20E5791200724470 /* MCTutorFormiOS.app */ = {isa = PBXFileReference; explicitFileType = wrapper.application; includeInIndex = 0; path = MCTutorFormiOS.app; sourceTree = BUILT_PRODUCTS_DIR; };
		7BA05AD120E5791200724470 /* AppDelegate.swift */ = {isa = PBXFileReference; lastKnownFileType = sourcecode.swift; path = AppDelegate.swift; sourceTree = "<group>"; };
		7BA05AD320E5791200724470 /* ViewController.swift */ = {isa = PBXFileReference; lastKnownFileType = sourcecode.swift; path = ViewController.swift; sourceTree = "<group>"; };
		7BA05AD620E5791200724470 /* Base */ = {isa = PBXFileReference; lastKnownFileType = file.storyboard; name = Base; path = Base.lproj/Main.storyboard; sourceTree = "<group>"; };
		7BA05AD820E5791300724470 /* Assets.xcassets */ = {isa = PBXFileReference; lastKnownFileType = folder.assetcatalog; path = Assets.xcassets; sourceTree = "<group>"; };
		7BA05ADB20E5791300724470 /* Base */ = {isa = PBXFileReference; lastKnownFileType = file.storyboard; name = Base; path = Base.lproj/LaunchScreen.storyboard; sourceTree = "<group>"; };
		7BA05ADD20E5791300724470 /* Info.plist */ = {isa = PBXFileReference; lastKnownFileType = text.plist.xml; path = Info.plist; sourceTree = "<group>"; };
		7BA05AE220E5791300724470 /* MCTutorFormiOSTests.xctest */ = {isa = PBXFileReference; explicitFileType = wrapper.cfbundle; includeInIndex = 0; path = MCTutorFormiOSTests.xctest; sourceTree = BUILT_PRODUCTS_DIR; };
		7BA05AE620E5791300724470 /* MCTutorFormiOSTests.swift */ = {isa = PBXFileReference; lastKnownFileType = sourcecode.swift; path = MCTutorFormiOSTests.swift; sourceTree = "<group>"; };
		7BA05AE820E5791400724470 /* Info.plist */ = {isa = PBXFileReference; lastKnownFileType = text.plist.xml; path = Info.plist; sourceTree = "<group>"; };
		8BACC738210E83AB009FC24E /* MCLookup.swift */ = {isa = PBXFileReference; lastKnownFileType = sourcecode.swift; path = MCLookup.swift; sourceTree = "<group>"; };
		8BB5D13221156C2D00F55DEA /* MCDatabase.sqlite */ = {isa = PBXFileReference; lastKnownFileType = file; name = MCDatabase.sqlite; path = "ipad-project/MCDatabase.sqlite"; sourceTree = SOURCE_ROOT; };
/* End PBXFileReference section */

/* Begin PBXFrameworksBuildPhase section */
		7BA05ACB20E5791200724470 /* Frameworks */ = {
			isa = PBXFrameworksBuildPhase;
			buildActionMask = 2147483647;
			files = (
			);
			runOnlyForDeploymentPostprocessing = 0;
		};
		7BA05ADF20E5791300724470 /* Frameworks */ = {
			isa = PBXFrameworksBuildPhase;
			buildActionMask = 2147483647;
			files = (
			);
			runOnlyForDeploymentPostprocessing = 0;
		};
/* End PBXFrameworksBuildPhase section */

/* Begin PBXGroup section */
		7BA05AC520E5791200724470 = {
			isa = PBXGroup;
			children = (
				7BA05AD020E5791200724470 /* MCTutorFormiOS */,
				7BA05AE520E5791300724470 /* MCTutorFormiOSTests */,
				7BA05ACF20E5791200724470 /* Products */,
			);
			sourceTree = "<group>";
		};
		7BA05ACF20E5791200724470 /* Products */ = {
			isa = PBXGroup;
			children = (
				7BA05ACE20E5791200724470 /* MCTutorFormiOS.app */,
				7BA05AE220E5791300724470 /* MCTutorFormiOSTests.xctest */,
			);
			name = Products;
			sourceTree = "<group>";
		};
		7BA05AD020E5791200724470 /* MCTutorFormiOS */ = {
			isa = PBXGroup;
			children = (
				8BB5D13221156C2D00F55DEA /* MCDatabase.sqlite */,
				7B5A43F42102CABC003A1B2E /* vBanner1.txt */,
				7B2C3C1F211A70C90081A2A5 /* TutorNames.txt */,
				7BA05AD120E5791200724470 /* AppDelegate.swift */,
				7BA05AD320E5791200724470 /* ViewController.swift */,
				7B5A43F62102D618003A1B2E /* FormViewController.swift */,
				7B321C09210E006E00932559 /* RadioButton.swift */,
				7B321C0B210E1BEB00932559 /* CheckBox.swift */,
				7BA05AD520E5791200724470 /* Main.storyboard */,
				7BA05AD820E5791300724470 /* Assets.xcassets */,
				7BA05ADA20E5791300724470 /* LaunchScreen.storyboard */,
				7BA05ADD20E5791300724470 /* Info.plist */,
				8BACC738210E83AB009FC24E /* MCLookup.swift */,
			);
			path = MCTutorFormiOS;
			sourceTree = "<group>";
		};
		7BA05AE520E5791300724470 /* MCTutorFormiOSTests */ = {
			isa = PBXGroup;
			children = (
				7BA05AE620E5791300724470 /* MCTutorFormiOSTests.swift */,
				7BA05AE820E5791400724470 /* Info.plist */,
			);
			path = MCTutorFormiOSTests;
			sourceTree = "<group>";
		};
/* End PBXGroup section */

/* Begin PBXNativeTarget section */
		7BA05ACD20E5791200724470 /* MCTutorFormiOS */ = {
			isa = PBXNativeTarget;
			buildConfigurationList = 7BA05AEB20E5791400724470 /* Build configuration list for PBXNativeTarget "MCTutorFormiOS" */;
			buildPhases = (
				7BA05ACA20E5791200724470 /* Sources */,
				7BA05ACB20E5791200724470 /* Frameworks */,
				7BA05ACC20E5791200724470 /* Resources */,
			);
			buildRules = (
			);
			dependencies = (
			);
			name = MCTutorFormiOS;
			productName = MCTutorFormiOS;
			productReference = 7BA05ACE20E5791200724470 /* MCTutorFormiOS.app */;
			productType = "com.apple.product-type.application";
		};
		7BA05AE120E5791300724470 /* MCTutorFormiOSTests */ = {
			isa = PBXNativeTarget;
			buildConfigurationList = 7BA05AEE20E5791400724470 /* Build configuration list for PBXNativeTarget "MCTutorFormiOSTests" */;
			buildPhases = (
				7BA05ADE20E5791300724470 /* Sources */,
				7BA05ADF20E5791300724470 /* Frameworks */,
				7BA05AE020E5791300724470 /* Resources */,
			);
			buildRules = (
			);
			dependencies = (
				7BA05AE420E5791300724470 /* PBXTargetDependency */,
			);
			name = MCTutorFormiOSTests;
			productName = MCTutorFormiOSTests;
			productReference = 7BA05AE220E5791300724470 /* MCTutorFormiOSTests.xctest */;
			productType = "com.apple.product-type.bundle.unit-test";
		};
/* End PBXNativeTarget section */

/* Begin PBXProject section */
		7BA05AC620E5791200724470 /* Project object */ = {
			isa = PBXProject;
			attributes = {
				LastSwiftUpdateCheck = 0940;
				LastUpgradeCheck = 0940;
				ORGANIZATIONNAME = "Dexterasoft Research";
				TargetAttributes = {
					7BA05ACD20E5791200724470 = {
						CreatedOnToolsVersion = 9.4.1;
					};
					7BA05AE120E5791300724470 = {
						CreatedOnToolsVersion = 9.4.1;
						TestTargetID = 7BA05ACD20E5791200724470;
					};
				};
			};
			buildConfigurationList = 7BA05AC920E5791200724470 /* Build configuration list for PBXProject "MCTutorFormiOS" */;
			compatibilityVersion = "Xcode 9.3";
			developmentRegion = en;
			hasScannedForEncodings = 0;
			knownRegions = (
				en,
				Base,
			);
			mainGroup = 7BA05AC520E5791200724470;
			productRefGroup = 7BA05ACF20E5791200724470 /* Products */;
			projectDirPath = "";
			projectRoot = "";
			targets = (
				7BA05ACD20E5791200724470 /* MCTutorFormiOS */,
				7BA05AE120E5791300724470 /* MCTutorFormiOSTests */,
			);
		};
/* End PBXProject section */

/* Begin PBXResourcesBuildPhase section */
		7BA05ACC20E5791200724470 /* Resources */ = {
			isa = PBXResourcesBuildPhase;
			buildActionMask = 2147483647;
			files = (
				7BA05ADC20E5791300724470 /* LaunchScreen.storyboard in Resources */,
				7BA05AD920E5791300724470 /* Assets.xcassets in Resources */,
				7B2C3C20211A70CA0081A2A5 /* TutorNames.txt in Resources */,
				7BA05AD720E5791200724470 /* Main.storyboard in Resources */,
				7B5A43F52102CABC003A1B2E /* vBanner1.txt in Resources */,
				8BB5D13321156C2D00F55DEA /* MCDatabase.sqlite in Resources */,
			);
			runOnlyForDeploymentPostprocessing = 0;
		};
		7BA05AE020E5791300724470 /* Resources */ = {
			isa = PBXResourcesBuildPhase;
			buildActionMask = 2147483647;
			files = (
			);
			runOnlyForDeploymentPostprocessing = 0;
		};
/* End PBXResourcesBuildPhase section */

/* Begin PBXSourcesBuildPhase section */
		7BA05ACA20E5791200724470 /* Sources */ = {
			isa = PBXSourcesBuildPhase;
			buildActionMask = 2147483647;
			files = (
				7B5A43F72102D618003A1B2E /* FormViewController.swift in Sources */,
				7BA05AD420E5791200724470 /* ViewController.swift in Sources */,
				7BA05AD220E5791200724470 /* AppDelegate.swift in Sources */,
				8BACC739210E83AB009FC24E /* MCLookup.swift in Sources */,
				7B321C0A210E006E00932559 /* RadioButton.swift in Sources */,
				7B321C0C210E1BEB00932559 /* CheckBox.swift in Sources */,
			);
			runOnlyForDeploymentPostprocessing = 0;
		};
		7BA05ADE20E5791300724470 /* Sources */ = {
			isa = PBXSourcesBuildPhase;
			buildActionMask = 2147483647;
			files = (
				7BA05AE720E5791300724470 /* MCTutorFormiOSTests.swift in Sources */,
			);
			runOnlyForDeploymentPostprocessing = 0;
		};
/* End PBXSourcesBuildPhase section */

/* Begin PBXTargetDependency section */
		7BA05AE420E5791300724470 /* PBXTargetDependency */ = {
			isa = PBXTargetDependency;
			target = 7BA05ACD20E5791200724470 /* MCTutorFormiOS */;
			targetProxy = 7BA05AE320E5791300724470 /* PBXContainerItemProxy */;
		};
/* End PBXTargetDependency section */

/* Begin PBXVariantGroup section */
		7BA05AD520E5791200724470 /* Main.storyboard */ = {
			isa = PBXVariantGroup;
			children = (
				7BA05AD620E5791200724470 /* Base */,
			);
			name = Main.storyboard;
			sourceTree = "<group>";
		};
		7BA05ADA20E5791300724470 /* LaunchScreen.storyboard */ = {
			isa = PBXVariantGroup;
			children = (
				7BA05ADB20E5791300724470 /* Base */,
			);
			name = LaunchScreen.storyboard;
			sourceTree = "<group>";
		};
/* End PBXVariantGroup section */

/* Begin XCBuildConfiguration section */
		7BA05AE920E5791400724470 /* Debug */ = {
			isa = XCBuildConfiguration;
			buildSettings = {
				ALWAYS_SEARCH_USER_PATHS = NO;
				CLANG_ANALYZER_NONNULL = YES;
				CLANG_ANALYZER_NUMBER_OBJECT_CONVERSION = YES_AGGRESSIVE;
				CLANG_CXX_LANGUAGE_STANDARD = "gnu++14";
				CLANG_CXX_LIBRARY = "libc++";
				CLANG_ENABLE_MODULES = YES;
				CLANG_ENABLE_OBJC_ARC = YES;
				CLANG_ENABLE_OBJC_WEAK = YES;
				CLANG_WARN_BLOCK_CAPTURE_AUTORELEASING = YES;
				CLANG_WARN_BOOL_CONVERSION = YES;
				CLANG_WARN_COMMA = YES;
				CLANG_WARN_CONSTANT_CONVERSION = YES;
				CLANG_WARN_DEPRECATED_OBJC_IMPLEMENTATIONS = YES;
				CLANG_WARN_DIRECT_OBJC_ISA_USAGE = YES_ERROR;
				CLANG_WARN_DOCUMENTATION_COMMENTS = YES;
				CLANG_WARN_EMPTY_BODY = YES;
				CLANG_WARN_ENUM_CONVERSION = YES;
				CLANG_WARN_INFINITE_RECURSION = YES;
				CLANG_WARN_INT_CONVERSION = YES;
				CLANG_WARN_NON_LITERAL_NULL_CONVERSION = YES;
				CLANG_WARN_OBJC_IMPLICIT_RETAIN_SELF = YES;
				CLANG_WARN_OBJC_LITERAL_CONVERSION = YES;
				CLANG_WARN_OBJC_ROOT_CLASS = YES_ERROR;
				CLANG_WARN_RANGE_LOOP_ANALYSIS = YES;
				CLANG_WARN_STRICT_PROTOTYPES = YES;
				CLANG_WARN_SUSPICIOUS_MOVE = YES;
				CLANG_WARN_UNGUARDED_AVAILABILITY = YES_AGGRESSIVE;
				CLANG_WARN_UNREACHABLE_CODE = YES;
				CLANG_WARN__DUPLICATE_METHOD_MATCH = YES;
				CODE_SIGN_IDENTITY = "iPhone Developer";
				COPY_PHASE_STRIP = NO;
				DEBUG_INFORMATION_FORMAT = dwarf;
				ENABLE_STRICT_OBJC_MSGSEND = YES;
				ENABLE_TESTABILITY = YES;
				GCC_C_LANGUAGE_STANDARD = gnu11;
				GCC_DYNAMIC_NO_PIC = NO;
				GCC_NO_COMMON_BLOCKS = YES;
				GCC_OPTIMIZATION_LEVEL = 0;
				GCC_PREPROCESSOR_DEFINITIONS = (
					"DEBUG=1",
					"$(inherited)",
				);
				GCC_WARN_64_TO_32_BIT_CONVERSION = YES;
				GCC_WARN_ABOUT_RETURN_TYPE = YES_ERROR;
				GCC_WARN_UNDECLARED_SELECTOR = YES;
				GCC_WARN_UNINITIALIZED_AUTOS = YES_AGGRESSIVE;
				GCC_WARN_UNUSED_FUNCTION = YES;
				GCC_WARN_UNUSED_VARIABLE = YES;
				IPHONEOS_DEPLOYMENT_TARGET = 11.4;
				MTL_ENABLE_DEBUG_INFO = YES;
				ONLY_ACTIVE_ARCH = YES;
				SDKROOT = iphoneos;
				SWIFT_ACTIVE_COMPILATION_CONDITIONS = DEBUG;
				SWIFT_OPTIMIZATION_LEVEL = "-Onone";
			};
			name = Debug;
		};
		7BA05AEA20E5791400724470 /* Release */ = {
			isa = XCBuildConfiguration;
			buildSettings = {
				ALWAYS_SEARCH_USER_PATHS = NO;
				CLANG_ANALYZER_NONNULL = YES;
				CLANG_ANALYZER_NUMBER_OBJECT_CONVERSION = YES_AGGRESSIVE;
				CLANG_CXX_LANGUAGE_STANDARD = "gnu++14";
				CLANG_CXX_LIBRARY = "libc++";
				CLANG_ENABLE_MODULES = YES;
				CLANG_ENABLE_OBJC_ARC = YES;
				CLANG_ENABLE_OBJC_WEAK = YES;
				CLANG_WARN_BLOCK_CAPTURE_AUTORELEASING = YES;
				CLANG_WARN_BOOL_CONVERSION = YES;
				CLANG_WARN_COMMA = YES;
				CLANG_WARN_CONSTANT_CONVERSION = YES;
				CLANG_WARN_DEPRECATED_OBJC_IMPLEMENTATIONS = YES;
				CLANG_WARN_DIRECT_OBJC_ISA_USAGE = YES_ERROR;
				CLANG_WARN_DOCUMENTATION_COMMENTS = YES;
				CLANG_WARN_EMPTY_BODY = YES;
				CLANG_WARN_ENUM_CONVERSION = YES;
				CLANG_WARN_INFINITE_RECURSION = YES;
				CLANG_WARN_INT_CONVERSION = YES;
				CLANG_WARN_NON_LITERAL_NULL_CONVERSION = YES;
				CLANG_WARN_OBJC_IMPLICIT_RETAIN_SELF = YES;
				CLANG_WARN_OBJC_LITERAL_CONVERSION = YES;
				CLANG_WARN_OBJC_ROOT_CLASS = YES_ERROR;
				CLANG_WARN_RANGE_LOOP_ANALYSIS = YES;
				CLANG_WARN_STRICT_PROTOTYPES = YES;
				CLANG_WARN_SUSPICIOUS_MOVE = YES;
				CLANG_WARN_UNGUARDED_AVAILABILITY = YES_AGGRESSIVE;
				CLANG_WARN_UNREACHABLE_CODE = YES;
				CLANG_WARN__DUPLICATE_METHOD_MATCH = YES;
				CODE_SIGN_IDENTITY = "iPhone Developer";
				COPY_PHASE_STRIP = NO;
				DEBUG_INFORMATION_FORMAT = "dwarf-with-dsym";
				ENABLE_NS_ASSERTIONS = NO;
				ENABLE_STRICT_OBJC_MSGSEND = YES;
				GCC_C_LANGUAGE_STANDARD = gnu11;
				GCC_NO_COMMON_BLOCKS = YES;
				GCC_WARN_64_TO_32_BIT_CONVERSION = YES;
				GCC_WARN_ABOUT_RETURN_TYPE = YES_ERROR;
				GCC_WARN_UNDECLARED_SELECTOR = YES;
				GCC_WARN_UNINITIALIZED_AUTOS = YES_AGGRESSIVE;
				GCC_WARN_UNUSED_FUNCTION = YES;
				GCC_WARN_UNUSED_VARIABLE = YES;
				IPHONEOS_DEPLOYMENT_TARGET = 11.4;
				MTL_ENABLE_DEBUG_INFO = NO;
				SDKROOT = iphoneos;
				SWIFT_COMPILATION_MODE = wholemodule;
				SWIFT_OPTIMIZATION_LEVEL = "-O";
				VALIDATE_PRODUCT = YES;
			};
			name = Release;
		};
		7BA05AEC20E5791400724470 /* Debug */ = {
			isa = XCBuildConfiguration;
			buildSettings = {
				ASSETCATALOG_COMPILER_APPICON_NAME = AppIcon;
				CODE_SIGN_STYLE = Automatic;
				DEVELOPMENT_TEAM = HLJW2NSBY5;
				INFOPLIST_FILE = MCTutorFormiOS/Info.plist;
				LD_RUNPATH_SEARCH_PATHS = (
					"$(inherited)",
					"@executable_path/Frameworks",
				);
				PRODUCT_BUNDLE_IDENTIFIER = com.dexterasoft.MCTutorFormiOS;
				PRODUCT_NAME = "$(TARGET_NAME)";
				SWIFT_VERSION = 4.0;
				TARGETED_DEVICE_FAMILY = "1,2";
			};
			name = Debug;
		};
		7BA05AED20E5791400724470 /* Release */ = {
			isa = XCBuildConfiguration;
			buildSettings = {
				ASSETCATALOG_COMPILER_APPICON_NAME = AppIcon;
				CODE_SIGN_STYLE = Automatic;
				DEVELOPMENT_TEAM = HLJW2NSBY5;
				INFOPLIST_FILE = MCTutorFormiOS/Info.plist;
				LD_RUNPATH_SEARCH_PATHS = (
					"$(inherited)",
					"@executable_path/Frameworks",
				);
				PRODUCT_BUNDLE_IDENTIFIER = com.dexterasoft.MCTutorFormiOS;
				PRODUCT_NAME = "$(TARGET_NAME)";
				SWIFT_VERSION = 4.0;
				TARGETED_DEVICE_FAMILY = "1,2";
			};
			name = Release;
		};
		7BA05AEF20E5791400724470 /* Debug */ = {
			isa = XCBuildConfiguration;
			buildSettings = {
				ALWAYS_EMBED_SWIFT_STANDARD_LIBRARIES = YES;
				BUNDLE_LOADER = "$(TEST_HOST)";
				CODE_SIGN_STYLE = Automatic;
				DEVELOPMENT_TEAM = HLJW2NSBY5;
				INFOPLIST_FILE = MCTutorFormiOSTests/Info.plist;
				LD_RUNPATH_SEARCH_PATHS = (
					"$(inherited)",
					"@executable_path/Frameworks",
					"@loader_path/Frameworks",
				);
				PRODUCT_BUNDLE_IDENTIFIER = com.dexterasoft.MCTutorFormiOSTests;
				PRODUCT_NAME = "$(TARGET_NAME)";
				SWIFT_VERSION = 4.0;
				TARGETED_DEVICE_FAMILY = "1,2";
				TEST_HOST = "$(BUILT_PRODUCTS_DIR)/MCTutorFormiOS.app/MCTutorFormiOS";
			};
			name = Debug;
		};
		7BA05AF020E5791400724470 /* Release */ = {
			isa = XCBuildConfiguration;
			buildSettings = {
				ALWAYS_EMBED_SWIFT_STANDARD_LIBRARIES = YES;
				BUNDLE_LOADER = "$(TEST_HOST)";
				CODE_SIGN_STYLE = Automatic;
				DEVELOPMENT_TEAM = HLJW2NSBY5;
				INFOPLIST_FILE = MCTutorFormiOSTests/Info.plist;
				LD_RUNPATH_SEARCH_PATHS = (
					"$(inherited)",
					"@executable_path/Frameworks",
					"@loader_path/Frameworks",
				);
				PRODUCT_BUNDLE_IDENTIFIER = com.dexterasoft.MCTutorFormiOSTests;
				PRODUCT_NAME = "$(TARGET_NAME)";
				SWIFT_VERSION = 4.0;
				TARGETED_DEVICE_FAMILY = "1,2";
				TEST_HOST = "$(BUILT_PRODUCTS_DIR)/MCTutorFormiOS.app/MCTutorFormiOS";
			};
			name = Release;
		};
/* End XCBuildConfiguration section */

/* Begin XCConfigurationList section */
		7BA05AC920E5791200724470 /* Build configuration list for PBXProject "MCTutorFormiOS" */ = {
			isa = XCConfigurationList;
			buildConfigurations = (
				7BA05AE920E5791400724470 /* Debug */,
				7BA05AEA20E5791400724470 /* Release */,
			);
			defaultConfigurationIsVisible = 0;
			defaultConfigurationName = Release;
		};
		7BA05AEB20E5791400724470 /* Build configuration list for PBXNativeTarget "MCTutorFormiOS" */ = {
			isa = XCConfigurationList;
			buildConfigurations = (
				7BA05AEC20E5791400724470 /* Debug */,
				7BA05AED20E5791400724470 /* Release */,
			);
			defaultConfigurationIsVisible = 0;
			defaultConfigurationName = Release;
		};
		7BA05AEE20E5791400724470 /* Build configuration list for PBXNativeTarget "MCTutorFormiOSTests" */ = {
			isa = XCConfigurationList;
			buildConfigurations = (
				7BA05AEF20E5791400724470 /* Debug */,
				7BA05AF020E5791400724470 /* Release */,
			);
			defaultConfigurationIsVisible = 0;
			defaultConfigurationName = Release;
		};
/* End XCConfigurationList section */
	};
	rootObject = 7BA05AC620E5791200724470 /* Project object */;
}
